
Microsoft Visual Studio Solution File, Format Version 12.00
# Visual Studio 14
VisualStudioVersion = 14.0.25420.1
MinimumVisualStudioVersion = 10.0.40219.1
Project("{FAE04EC0-301F-11D3-BF4B-00C04F79EFBC}") = "ConnectToCRM", "ConnectToCRM\ConnectToCRM.csproj", "{F37B3E7E-3FB2-48B4-97C6-0515A90B8140}"
EndProject
Global
	GlobalSection(SolutionConfigurationPlatforms) = preSolution
		Debug|Any CPU = Debug|Any CPU
		Release|Any CPU = Release|Any CPU
	EndGlobalSection
	GlobalSection(ProjectConfigurationPlatforms) = postSolution
		{F37B3E7E-3FB2-48B4-97C6-0515A90B8140}.Debug|Any CPU.ActiveCfg = Debug|Any CPU
		{F37B3E7E-3FB2-48B4-97C6-0515A90B8140}.Debug|Any CPU.Build.0 = Debug|Any CPU
		{F37B3E7E-3FB2-48B4-97C6-0515A90B8140}.Release|Any CPU.ActiveCfg = Release|Any CPU
		{F37B3E7E-3FB2-48B4-97C6-0515A90B8140}.Release|Any CPU.Build.0 = Release|Any CPU
	EndGlobalSection
	GlobalSection(SolutionProperties) = preSolution
		HideSolutionNode = FALSE
	EndGlobalSection
EndGlobal
