
Microsoft Visual Studio Solution File, Format Version 12.00
# Visual Studio 15
VisualStudioVersion = 15.0.27130.2010
MinimumVisualStudioVersion = 10.0.40219.1
Project("{FAE04EC0-301F-11D3-BF4B-00C04F79EFBC}") = "CycleInLinkedList", "CycleInLinkedList\CycleInLinkedList.csproj", "{1EAE8F11-21B7-4AF2-BE74-663129A8A5D1}"
EndProject
Global
	GlobalSection(SolutionConfigurationPlatforms) = preSolution
		Debug|Any CPU = Debug|Any CPU
		Release|Any CPU = Release|Any CPU
	EndGlobalSection
	GlobalSection(ProjectConfigurationPlatforms) = postSolution
		{1EAE8F11-21B7-4AF2-BE74-663129A8A5D1}.Debug|Any CPU.ActiveCfg = Debug|Any CPU
		{1EAE8F11-21B7-4AF2-BE74-663129A8A5D1}.Debug|Any CPU.Build.0 = Debug|Any CPU
		{1EAE8F11-21B7-4AF2-BE74-663129A8A5D1}.Release|Any CPU.ActiveCfg = Release|Any CPU
		{1EAE8F11-21B7-4AF2-BE74-663129A8A5D1}.Release|Any CPU.Build.0 = Release|Any CPU
	EndGlobalSection
	GlobalSection(SolutionProperties) = preSolution
		HideSolutionNode = FALSE
	EndGlobalSection
	GlobalSection(ExtensibilityGlobals) = postSolution
		SolutionGuid = {EBEB4D95-D7D8-4CFD-8CE7-2234BD0513A1}
	EndGlobalSection
EndGlobal
